
Microsoft Visual Studio Solution File, Format Version 12.00
# Visual Studio Version 17
VisualStudioVersion = 17.11.35303.130
MinimumVisualStudioVersion = 10.0.40219.1
Project("{FAE04EC0-301F-11D3-BF4B-00C04F79EFBC}") = "Mini Bank System", "Mini Bank Syatem\Mini Bank System.csproj", "{F2FA7F45-2C78-4524-838A-3BF223D0E874}"
EndProject
Project("{FAE04EC0-301F-11D3-BF4B-00C04F79EFBC}") = "DataAccessLAyer", "DataAccessLAyer\DataAccessLAyer.csproj", "{297986A6-A2F7-40CA-BD74-53481F00CC9E}"
EndProject
Project("{FAE04EC0-301F-11D3-BF4B-00C04F79EFBC}") = "BusinessLogicLayer", "BusinessLogicLayer\BusinessLogicLayer.csproj", "{C668A391-2C52-4149-AEBA-E423B79E199B}"
EndProject
Global
	GlobalSection(SolutionConfigurationPlatforms) = preSolution
		Debug|Any CPU = Debug|Any CPU
		Release|Any CPU = Release|Any CPU
	EndGlobalSection
	GlobalSection(ProjectConfigurationPlatforms) = postSolution
		{F2FA7F45-2C78-4524-838A-3BF223D0E874}.Debug|Any CPU.ActiveCfg = Debug|Any CPU
		{F2FA7F45-2C78-4524-838A-3BF223D0E874}.Debug|Any CPU.Build.0 = Debug|Any CPU
		{F2FA7F45-2C78-4524-838A-3BF223D0E874}.Release|Any CPU.ActiveCfg = Release|Any CPU
		{F2FA7F45-2C78-4524-838A-3BF223D0E874}.Release|Any CPU.Build.0 = Release|Any CPU
		{297986A6-A2F7-40CA-BD74-53481F00CC9E}.Debug|Any CPU.ActiveCfg = Debug|Any CPU
		{297986A6-A2F7-40CA-BD74-53481F00CC9E}.Debug|Any CPU.Build.0 = Debug|Any CPU
		{297986A6-A2F7-40CA-BD74-53481F00CC9E}.Release|Any CPU.ActiveCfg = Release|Any CPU
		{297986A6-A2F7-40CA-BD74-53481F00CC9E}.Release|Any CPU.Build.0 = Release|Any CPU
		{C668A391-2C52-4149-AEBA-E423B79E199B}.Debug|Any CPU.ActiveCfg = Debug|Any CPU
		{C668A391-2C52-4149-AEBA-E423B79E199B}.Debug|Any CPU.Build.0 = Debug|Any CPU
		{C668A391-2C52-4149-AEBA-E423B79E199B}.Release|Any CPU.ActiveCfg = Release|Any CPU
		{C668A391-2C52-4149-AEBA-E423B79E199B}.Release|Any CPU.Build.0 = Release|Any CPU
	EndGlobalSection
	GlobalSection(SolutionProperties) = preSolution
		HideSolutionNode = FALSE
	EndGlobalSection
	GlobalSection(ExtensibilityGlobals) = postSolution
		SolutionGuid = {A21863A6-DD87-472D-B8C7-0A658C697D69}
	EndGlobalSection
EndGlobal
